
Microsoft Visual Studio Solution File, Format Version 12.00
# Visual Studio Version 17
VisualStudioVersion = 17.12.35707.178 d17.12
MinimumVisualStudioVersion = 10.0.40219.1
Project("{FAE04EC0-301F-11D3-BF4B-00C04F79EFBC}") = "AM.ui.console", "AM.ui.console\AM.ui.console.csproj", "{34D37FA6-3586-412E-9C02-B6514D6F5AD7}"
EndProject
Project("{FAE04EC0-301F-11D3-BF4B-00C04F79EFBC}") = "AM.applicationCore", "AM.applicationCore\AM.applicationCore.csproj", "{9AC10884-59A8-418D-84DE-B3715DD0B39B}"
EndProject
Global
	GlobalSection(SolutionConfigurationPlatforms) = preSolution
		Debug|Any CPU = Debug|Any CPU
		Release|Any CPU = Release|Any CPU
	EndGlobalSection
	GlobalSection(ProjectConfigurationPlatforms) = postSolution
		{34D37FA6-3586-412E-9C02-B6514D6F5AD7}.Debug|Any CPU.ActiveCfg = Debug|Any CPU
		{34D37FA6-3586-412E-9C02-B6514D6F5AD7}.Debug|Any CPU.Build.0 = Debug|Any CPU
		{34D37FA6-3586-412E-9C02-B6514D6F5AD7}.Release|Any CPU.ActiveCfg = Release|Any CPU
		{34D37FA6-3586-412E-9C02-B6514D6F5AD7}.Release|Any CPU.Build.0 = Release|Any CPU
		{9AC10884-59A8-418D-84DE-B3715DD0B39B}.Debug|Any CPU.ActiveCfg = Debug|Any CPU
		{9AC10884-59A8-418D-84DE-B3715DD0B39B}.Debug|Any CPU.Build.0 = Debug|Any CPU
		{9AC10884-59A8-418D-84DE-B3715DD0B39B}.Release|Any CPU.ActiveCfg = Release|Any CPU
		{9AC10884-59A8-418D-84DE-B3715DD0B39B}.Release|Any CPU.Build.0 = Release|Any CPU
	EndGlobalSection
	GlobalSection(SolutionProperties) = preSolution
		HideSolutionNode = FALSE
	EndGlobalSection
EndGlobal
